
Microsoft Visual Studio Solution File, Format Version 12.00
# Visual Studio Version 16
VisualStudioVersion = 16.0.31424.327
MinimumVisualStudioVersion = 10.0.40219.1
Project("{FAE04EC0-301F-11D3-BF4B-00C04F79EFBC}") = "Task 4 Pilynom", "Task 4 Pilynom\Task 4 Pilynom.csproj", "{BED2B930-2A76-49A0-B54D-72BBC1D58EB8}"
EndProject
Global
	GlobalSection(SolutionConfigurationPlatforms) = preSolution
		Debug|Any CPU = Debug|Any CPU
		Release|Any CPU = Release|Any CPU
	EndGlobalSection
	GlobalSection(ProjectConfigurationPlatforms) = postSolution
		{BED2B930-2A76-49A0-B54D-72BBC1D58EB8}.Debug|Any CPU.ActiveCfg = Debug|Any CPU
		{BED2B930-2A76-49A0-B54D-72BBC1D58EB8}.Debug|Any CPU.Build.0 = Debug|Any CPU
		{BED2B930-2A76-49A0-B54D-72BBC1D58EB8}.Release|Any CPU.ActiveCfg = Release|Any CPU
		{BED2B930-2A76-49A0-B54D-72BBC1D58EB8}.Release|Any CPU.Build.0 = Release|Any CPU
	EndGlobalSection
	GlobalSection(SolutionProperties) = preSolution
		HideSolutionNode = FALSE
	EndGlobalSection
	GlobalSection(ExtensibilityGlobals) = postSolution
		SolutionGuid = {D98D04CD-B664-4378-B14B-D271E095BB1B}
	EndGlobalSection
EndGlobal
